
Microsoft Visual Studio Solution File, Format Version 12.00
# Visual Studio Version  16
VisualStudioVersion = 16.0.31129.286
MinimumVisualStudioVersion = 10.0.40219.1
Project("{FAE04EC0-301F-11D3-BF4B-00C04F79EFBC}") = "EmployeeMultiThreading", "EmployeeMultiThreading\EmployeeMultiThreading.csproj", "{DA90CD6F-933B-4E27-9D01-D1A846B7033C}"
EndProject
Project("{FAE04EC0-301F-11D3-BF4B-00C04F79EFBC}") = "EmpMultithreadTest", "EmpMultithreadTest\EmpMultithreadTest.csproj", "{781F380F-4AD1-429A-8DEE-4E969B7221F9}"
EndProject
Global
	GlobalSection(SolutionConfigurationPlatforms) = preSolution
		Debug|Any CPU = Debug|Any CPU
		Release|Any CPU = Release|Any CPU
	EndGlobalSection
	GlobalSection(ProjectConfigurationPlatforms) = postSolution
		{DA90CD6F-933B-4E27-9D01-D1A846B7033C}.Debug|Any CPU.ActiveCfg = Debug|Any CPU
		{DA90CD6F-933B-4E27-9D01-D1A846B7033C}.Debug|Any CPU.Build.0 = Debug|Any CPU
		{DA90CD6F-933B-4E27-9D01-D1A846B7033C}.Release|Any CPU.ActiveCfg = Release|Any CPU
		{DA90CD6F-933B-4E27-9D01-D1A846B7033C}.Release|Any CPU.Build.0 = Release|Any CPU
		{781F380F-4AD1-429A-8DEE-4E969B7221F9}.Debug|Any CPU.ActiveCfg = Debug|Any CPU
		{781F380F-4AD1-429A-8DEE-4E969B7221F9}.Debug|Any CPU.Build.0 = Debug|Any CPU
		{781F380F-4AD1-429A-8DEE-4E969B7221F9}.Release|Any CPU.ActiveCfg = Release|Any CPU
		{781F380F-4AD1-429A-8DEE-4E969B7221F9}.Release|Any CPU.Build.0 = Release|Any CPU
	EndGlobalSection
	GlobalSection(SolutionProperties) = preSolution
		HideSolutionNode = FALSE
	EndGlobalSection
	GlobalSection(ExtensibilityGlobals) = postSolution
		SolutionGuid = {FFDA628B-ABC0-46B6-9C7E-80D85EFF7453}
	EndGlobalSection
EndGlobal
